
Microsoft Visual Studio Solution File, Format Version 12.00
# Visual Studio Version 16
VisualStudioVersion = 16.0.30907.101
MinimumVisualStudioVersion = 10.0.40219.1
Project("{888888A0-9F3D-457C-B088-3A5042F75D52}") = "Test", "Test\Test.pyproj", "{3C313862-FA40-4FE3-B962-E2CDEF56FE33}"
EndProject
Project("{888888A0-9F3D-457C-B088-3A5042F75D52}") = "IbTrader", "IbTrader\IbTrader.pyproj", "{E0014F0D-A169-45A2-9916-1EEF11696129}"
EndProject
Global
	GlobalSection(SolutionConfigurationPlatforms) = preSolution
		Debug|Any CPU = Debug|Any CPU
		Release|Any CPU = Release|Any CPU
	EndGlobalSection
	GlobalSection(ProjectConfigurationPlatforms) = postSolution
		{3C313862-FA40-4FE3-B962-E2CDEF56FE33}.Debug|Any CPU.ActiveCfg = Debug|Any CPU
		{3C313862-FA40-4FE3-B962-E2CDEF56FE33}.Release|Any CPU.ActiveCfg = Release|Any CPU
		{E0014F0D-A169-45A2-9916-1EEF11696129}.Debug|Any CPU.ActiveCfg = Debug|Any CPU
		{E0014F0D-A169-45A2-9916-1EEF11696129}.Release|Any CPU.ActiveCfg = Release|Any CPU
	EndGlobalSection
	GlobalSection(SolutionProperties) = preSolution
		HideSolutionNode = FALSE
	EndGlobalSection
	GlobalSection(ExtensibilityGlobals) = postSolution
		SolutionGuid = {560BA4C2-C59D-4930-803C-644EA634ADE3}
	EndGlobalSection
EndGlobal
